
Microsoft Visual Studio Solution File, Format Version 12.00
# Visual Studio Version 17
VisualStudioVersion = 17.8.34525.116
MinimumVisualStudioVersion = 10.0.40219.1
Project("{8BC9CEB8-8B4A-11D0-8D11-00A0C91BC942}") = "object_detection", "object_detection.vcxproj", "{65C78B34-27A6-49D3-A43C-91095E343AFB}"
EndProject
Global
	GlobalSection(SolutionConfigurationPlatforms) = preSolution
		Debug|x64 = Debug|x64
		Debug|x86 = Debug|x86
		Release|x64 = Release|x64
		Release|x86 = Release|x86
	EndGlobalSection
	GlobalSection(ProjectConfigurationPlatforms) = postSolution
		{65C78B34-27A6-49D3-A43C-91095E343AFB}.Debug|x64.ActiveCfg = Debug|x64
		{65C78B34-27A6-49D3-A43C-91095E343AFB}.Debug|x64.Build.0 = Debug|x64
		{65C78B34-27A6-49D3-A43C-91095E343AFB}.Debug|x86.ActiveCfg = Debug|Win32
		{65C78B34-27A6-49D3-A43C-91095E343AFB}.Debug|x86.Build.0 = Debug|Win32
		{65C78B34-27A6-49D3-A43C-91095E343AFB}.Release|x64.ActiveCfg = Release|x64
		{65C78B34-27A6-49D3-A43C-91095E343AFB}.Release|x64.Build.0 = Release|x64
		{65C78B34-27A6-49D3-A43C-91095E343AFB}.Release|x86.ActiveCfg = Release|Win32
		{65C78B34-27A6-49D3-A43C-91095E343AFB}.Release|x86.Build.0 = Release|Win32
	EndGlobalSection
	GlobalSection(SolutionProperties) = preSolution
		HideSolutionNode = FALSE
	EndGlobalSection
	GlobalSection(ExtensibilityGlobals) = postSolution
		SolutionGuid = {6A12EA4B-4455-47C9-85A7-CE2F52121DB2}
	EndGlobalSection
EndGlobal
